schema: '2.0'
stages:
  train:
    cmd: python scripts/train.py
    deps:
    - path: data/
      hash: md5
      md5: 0198dbc66f78bc6a573ecaf3d866bbfc.dir
      size: 1008272293
      nfiles: 2
    - path: scripts/train.py
      hash: md5
      md5: df78f8a9c1ac03fe01506eed124faa80
      size: 3364
    - path: src/
      hash: md5
      md5: 84fd8019dd3382963dba2b44f269004c.dir
      size: 55476
      nfiles: 19
    params:
      params.yaml:
        feature_type: mfcc
    outs:
    - path: metrics/train_metrics.json
      hash: md5
      md5: c1d1967ef0d4d44b948ff19f25322809
      size: 46
    - path: models/
      hash: md5
      md5: 3e20f66eee6ca149f2cf314b29978764.dir
      size: 5908990
      nfiles: 5
    - path: plots/
      hash: md5
      md5: 0314247d6aa076d97fcf61cb42c6ac40.dir
      size: 595693
      nfiles: 5
  evaluate:
    cmd: python scripts/evaluate.py
    deps:
    - path: data/
      hash: md5
      md5: 0198dbc66f78bc6a573ecaf3d866bbfc.dir
      size: 1008272293
      nfiles: 2
    - path: models/
      hash: md5
      md5: 3e20f66eee6ca149f2cf314b29978764.dir
      size: 5908990
      nfiles: 5
    - path: scripts/evaluate.py
      hash: md5
      md5: 15abc3c5fa6503e4d7e027667e536566
      size: 3611
    - path: src/
      hash: md5
      md5: cab35465f18e10259de59cf78f08ef0c.dir
      size: 60660
      nfiles: 20
    params:
      params.yaml:
        feature_type: mfcc
    outs:
    - path: metrics/test_metrics.json
      hash: md5
      md5: 06ea3b36e7104c8b161134975cf270c9
      size: 52
