schema: '2.0'
stages:
  train:
    cmd: python scripts/train.py
    deps:
    - path: data/
      hash: md5
      md5: 9f124f7ab657e671914c8c75a3a42c43.dir
      size: 1008272293
      nfiles: 2
    - path: scripts/train.py
      hash: md5
      md5: df78f8a9c1ac03fe01506eed124faa80
      size: 3364
    - path: src/
      hash: md5
      md5: 5ab3b6ec8c365ed99d41e5073ea3a476.dir
      size: 55476
      nfiles: 19
    params:
      params.yaml:
        feature_type: logmel
    outs:
    - path: metrics/train_metrics.json
      hash: md5
      md5: d98d0375174c571b948c59c7200b3a3e
      size: 46
    - path: models/
      hash: md5
      md5: de2a6617d5a11255567c7246b60fd67f.dir
      size: 11232555
      nfiles: 5
    - path: plots/
      hash: md5
      md5: 08d27f27c7e2db2b0787f4e504db10fd.dir
      size: 677689
      nfiles: 5
  evaluate:
    cmd: python scripts/evaluate.py
    deps:
    - path: data/
      hash: md5
      md5: 9f124f7ab657e671914c8c75a3a42c43.dir
      size: 1008272293
      nfiles: 2
    - path: models/
      hash: md5
      md5: de2a6617d5a11255567c7246b60fd67f.dir
      size: 11232555
      nfiles: 5
    - path: scripts/evaluate.py
      hash: md5
      md5: 15abc3c5fa6503e4d7e027667e536566
      size: 3611
    - path: src/
      hash: md5
      md5: 3b99be4ea808a51f1282210ac2888c3b.dir
      size: 60660
      nfiles: 20
    params:
      params.yaml:
        feature_type: logmel
    outs:
    - path: metrics/test_metrics.json
      hash: md5
      md5: c0a06cd1faaa2eeb1d0356104d3d3025
      size: 52
